// !$*UTF8*$!
{
	archiveVersion = 1;
	classes = {
	};
	objectVersion = 48;
	objects = {

/* Begin PBXBuildFile section */
		E8D72E20206BA7A100B04B4E /* AppDelegate.swift in Sources */ = {isa = PBXBuildFile; fileRef = E8D72E1F206BA7A100B04B4E /* AppDelegate.swift */; };
		E8D72E22206BA7A100B04B4E /* ViewController.swift in Sources */ = {isa = PBXBuildFile; fileRef = E8D72E21206BA7A100B04B4E /* ViewController.swift */; };
		E8D72E25206BA7A100B04B4E /* Main.storyboard in Resources */ = {isa = PBXBuildFile; fileRef = E8D72E23206BA7A100B04B4E /* Main.storyboard */; };
		E8D72E27206BA7A100B04B4E /* Assets.xcassets in Resources */ = {isa = PBXBuildFile; fileRef = E8D72E26206BA7A100B04B4E /* Assets.xcassets */; };
		E8D72E2A206BA7A100B04B4E /* LaunchScreen.storyboard in Resources */ = {isa = PBXBuildFile; fileRef = E8D72E28206BA7A100B04B4E /* LaunchScreen.storyboard */; };
		E8D72E32206BAAF900B04B4E /* DetailViewController.swift in Sources */ = {isa = PBXBuildFile; fileRef = E8D72E31206BAAF900B04B4E /* DetailViewController.swift */; };
/* End PBXBuildFile section */

/* Begin PBXFileReference section */
		E8D72E1C206BA7A100B04B4E /* BasicValuesDemo.app */ = {isa = PBXFileReference; explicitFileType = wrapper.application; includeInIndex = 0; path = BasicValuesDemo.app; sourceTree = BUILT_PRODUCTS_DIR; };
		E8D72E1F206BA7A100B04B4E /* AppDelegate.swift */ = {isa = PBXFileReference; lastKnownFileType = sourcecode.swift; path = AppDelegate.swift; sourceTree = "<group>"; };
		E8D72E21206BA7A100B04B4E /* ViewController.swift */ = {isa = PBXFileReference; lastKnownFileType = sourcecode.swift; path = ViewController.swift; sourceTree = "<group>"; };
		E8D72E24206BA7A100B04B4E /* Base */ = {isa = PBXFileReference; lastKnownFileType = file.storyboard; name = Base; path = Base.lproj/Main.storyboard; sourceTree = "<group>"; };
		E8D72E26206BA7A100B04B4E /* Assets.xcassets */ = {isa = PBXFileReference; lastKnownFileType = folder.assetcatalog; path = Assets.xcassets; sourceTree = "<group>"; };
		E8D72E29206BA7A100B04B4E /* Base */ = {isa = PBXFileReference; lastKnownFileType = file.storyboard; name = Base; path = Base.lproj/LaunchScreen.storyboard; sourceTree = "<group>"; };
		E8D72E2B206BA7A100B04B4E /* Info.plist */ = {isa = PBXFileReference; lastKnownFileType = text.plist.xml; path = Info.plist; sourceTree = "<group>"; };
		E8D72E31206BAAF900B04B4E /* DetailViewController.swift */ = {isa = PBXFileReference; lastKnownFileType = sourcecode.swift; path = DetailViewController.swift; sourceTree = "<group>"; };
/* End PBXFileReference section */

/* Begin PBXFrameworksBuildPhase section */
		E8D72E19206BA7A100B04B4E /* Frameworks */ = {
			isa = PBXFrameworksBuildPhase;
			buildActionMask = 2147483647;
			files = (
			);
			runOnlyForDeploymentPostprocessing = 0;
		};
/* End PBXFrameworksBuildPhase section */

/* Begin PBXGroup section */
		E8D72E13206BA7A100B04B4E = {
			isa = PBXGroup;
			children = (
				E8D72E1E206BA7A100B04B4E /* BasicValuesDemo */,
				E8D72E1D206BA7A100B04B4E /* Products */,
			);
			sourceTree = "<group>";
		};
		E8D72E1D206BA7A100B04B4E /* Products */ = {
			isa = PBXGroup;
			children = (
				E8D72E1C206BA7A100B04B4E /* BasicValuesDemo.app */,
			);
			name = Products;
			sourceTree = "<group>";
		};
		E8D72E1E206BA7A100B04B4E /* BasicValuesDemo */ = {
			isa = PBXGroup;
			children = (
				E8D72E1F206BA7A100B04B4E /* AppDelegate.swift */,
				E8D72E21206BA7A100B04B4E /* ViewController.swift */,
				E8D72E31206BAAF900B04B4E /* DetailViewController.swift */,
				E8D72E23206BA7A100B04B4E /* Main.storyboard */,
				E8D72E26206BA7A100B04B4E /* Assets.xcassets */,
				E8D72E28206BA7A100B04B4E /* LaunchScreen.storyboard */,
				E8D72E2B206BA7A100B04B4E /* Info.plist */,
			);
			path = BasicValuesDemo;
			sourceTree = "<group>";
		};
/* End PBXGroup section */

/* Begin PBXNativeTarget section */
		E8D72E1B206BA7A100B04B4E /* BasicValuesDemo */ = {
			isa = PBXNativeTarget;
			buildConfigurationList = E8D72E2E206BA7A100B04B4E /* Build configuration list for PBXNativeTarget "BasicValuesDemo" */;
			buildPhases = (
				E8D72E18206BA7A100B04B4E /* Sources */,
				E8D72E19206BA7A100B04B4E /* Frameworks */,
				E8D72E1A206BA7A100B04B4E /* Resources */,
			);
			buildRules = (
			);
			dependencies = (
			);
			name = BasicValuesDemo;
			productName = BasicValuesDemo;
			productReference = E8D72E1C206BA7A100B04B4E /* BasicValuesDemo.app */;
			productType = "com.apple.product-type.application";
		};
/* End PBXNativeTarget section */

/* Begin PBXProject section */
		E8D72E14206BA7A100B04B4E /* Project object */ = {
			isa = PBXProject;
			attributes = {
				LastSwiftUpdateCheck = 0920;
				LastUpgradeCheck = 0920;
				ORGANIZATIONNAME = VicentZ;
				TargetAttributes = {
					E8D72E1B206BA7A100B04B4E = {
						CreatedOnToolsVersion = 9.2;
						ProvisioningStyle = Automatic;
					};
				};
			};
			buildConfigurationList = E8D72E17206BA7A100B04B4E /* Build configuration list for PBXProject "BasicValuesDemo" */;
			compatibilityVersion = "Xcode 8.0";
			developmentRegion = en;
			hasScannedForEncodings = 0;
			knownRegions = (
				en,
				Base,
			);
			mainGroup = E8D72E13206BA7A100B04B4E;
			productRefGroup = E8D72E1D206BA7A100B04B4E /* Products */;
			projectDirPath = "";
			projectRoot = "";
			targets = (
				E8D72E1B206BA7A100B04B4E /* BasicValuesDemo */,
			);
		};
/* End PBXProject section */

/* Begin PBXResourcesBuildPhase section */
		E8D72E1A206BA7A100B04B4E /* Resources */ = {
			isa = PBXResourcesBuildPhase;
			buildActionMask = 2147483647;
			files = (
				E8D72E2A206BA7A100B04B4E /* LaunchScreen.storyboard in Resources */,
				E8D72E27206BA7A100B04B4E /* Assets.xcassets in Resources */,
				E8D72E25206BA7A100B04B4E /* Main.storyboard in Resources */,
			);
			runOnlyForDeploymentPostprocessing = 0;
		};
/* End PBXResourcesBuildPhase section */

/* Begin PBXSourcesBuildPhase section */
		E8D72E18206BA7A100B04B4E /* Sources */ = {
			isa = PBXSourcesBuildPhase;
			buildActionMask = 2147483647;
			files = (
				E8D72E32206BAAF900B04B4E /* DetailViewController.swift in Sources */,
				E8D72E22206BA7A100B04B4E /* ViewController.swift in Sources */,
				E8D72E20206BA7A100B04B4E /* AppDelegate.swift in Sources */,
			);
			runOnlyForDeploymentPostprocessing = 0;
		};
/* End PBXSourcesBuildPhase section */

/* Begin PBXVariantGroup section */
		E8D72E23206BA7A100B04B4E /* Main.storyboard */ = {
			isa = PBXVariantGroup;
			children = (
				E8D72E24206BA7A100B04B4E /* Base */,
			);
			name = Main.storyboard;
			sourceTree = "<group>";
		};
		E8D72E28206BA7A100B04B4E /* LaunchScreen.storyboard */ = {
			isa = PBXVariantGroup;
			children = (
				E8D72E29206BA7A100B04B4E /* Base */,
			);
			name = LaunchScreen.storyboard;
			sourceTree = "<group>";
		};
/* End PBXVariantGroup section */

/* Begin XCBuildConfiguration section */
		E8D72E2C206BA7A100B04B4E /* Debug */ = {
			isa = XCBuildConfiguration;
			buildSettings = {
				ALWAYS_SEARCH_USER_PATHS = NO;
				CLANG_ANALYZER_NONNULL = YES;
				CLANG_ANALYZER_NUMBER_OBJECT_CONVERSION = YES_AGGRESSIVE;
				CLANG_CXX_LANGUAGE_STANDARD = "gnu++14";
				CLANG_CXX_LIBRARY = "libc++";
				CLANG_ENABLE_MODULES = YES;
				CLANG_ENABLE_OBJC_ARC = YES;
				CLANG_WARN_BLOCK_CAPTURE_AUTORELEASING = YES;
				CLANG_WARN_BOOL_CONVERSION = YES;
				CLANG_WARN_COMMA = YES;
				CLANG_WARN_CONSTANT_CONVERSION = YES;
				CLANG_WARN_DIRECT_OBJC_ISA_USAGE = YES_ERROR;
				CLANG_WARN_DOCUMENTATION_COMMENTS = YES;
				CLANG_WARN_EMPTY_BODY = YES;
				CLANG_WARN_ENUM_CONVERSION = YES;
				CLANG_WARN_INFINITE_RECURSION = YES;
				CLANG_WARN_INT_CONVERSION = YES;
				CLANG_WARN_NON_LITERAL_NULL_CONVERSION = YES;
				CLANG_WARN_OBJC_LITERAL_CONVERSION = YES;
				CLANG_WARN_OBJC_ROOT_CLASS = YES_ERROR;
				CLANG_WARN_RANGE_LOOP_ANALYSIS = YES;
				CLANG_WARN_STRICT_PROTOTYPES = YES;
				CLANG_WARN_SUSPICIOUS_MOVE = YES;
				CLANG_WARN_UNGUARDED_AVAILABILITY = YES_AGGRESSIVE;
				CLANG_WARN_UNREACHABLE_CODE = YES;
				CLANG_WARN__DUPLICATE_METHOD_MATCH = YES;
				CODE_SIGN_IDENTITY = "iPhone Developer";
				COPY_PHASE_STRIP = NO;
				DEBUG_INFORMATION_FORMAT = dwarf;
				ENABLE_STRICT_OBJC_MSGSEND = YES;
				ENABLE_TESTABILITY = YES;
				GCC_C_LANGUAGE_STANDARD = gnu11;
				GCC_DYNAMIC_NO_PIC = NO;
				GCC_NO_COMMON_BLOCKS = YES;
				GCC_OPTIMIZATION_LEVEL = 0;
				GCC_PREPROCESSOR_DEFINITIONS = (
					"DEBUG=1",
					"$(inherited)",
				);
				GCC_WARN_64_TO_32_BIT_CONVERSION = YES;
				GCC_WARN_ABOUT_RETURN_TYPE = YES_ERROR;
				GCC_WARN_UNDECLARED_SELECTOR = YES;
				GCC_WARN_UNINITIALIZED_AUTOS = YES_AGGRESSIVE;
				GCC_WARN_UNUSED_FUNCTION = YES;
				GCC_WARN_UNUSED_VARIABLE = YES;
				IPHONEOS_DEPLOYMENT_TARGET = 11.2;
				MTL_ENABLE_DEBUG_INFO = YES;
				ONLY_ACTIVE_ARCH = YES;
				SDKROOT = iphoneos;
				SWIFT_ACTIVE_COMPILATION_CONDITIONS = DEBUG;
				SWIFT_OPTIMIZATION_LEVEL = "-Onone";
			};
			name = Debug;
		};
		E8D72E2D206BA7A100B04B4E /* Release */ = {
			isa = XCBuildConfiguration;
			buildSettings = {
				ALWAYS_SEARCH_USER_PATHS = NO;
				CLANG_ANALYZER_NONNULL = YES;
				CLANG_ANALYZER_NUMBER_OBJECT_CONVERSION = YES_AGGRESSIVE;
				CLANG_CXX_LANGUAGE_STANDARD = "gnu++14";
				CLANG_CXX_LIBRARY = "libc++";
				CLANG_ENABLE_MODULES = YES;
				CLANG_ENABLE_OBJC_ARC = YES;
				CLANG_WARN_BLOCK_CAPTURE_AUTORELEASING = YES;
				CLANG_WARN_BOOL_CONVERSION = YES;
				CLANG_WARN_COMMA = YES;
				CLANG_WARN_CONSTANT_CONVERSION = YES;
				CLANG_WARN_DIRECT_OBJC_ISA_USAGE = YES_ERROR;
				CLANG_WARN_DOCUMENTATION_COMMENTS = YES;
				CLANG_WARN_EMPTY_BODY = YES;
				CLANG_WARN_ENUM_CONVERSION = YES;
				CLANG_WARN_INFINITE_RECURSION = YES;
				CLANG_WARN_INT_CONVERSION = YES;
				CLANG_WARN_NON_LITERAL_NULL_CONVERSION = YES;
				CLANG_WARN_OBJC_LITERAL_CONVERSION = YES;
				CLANG_WARN_OBJC_ROOT_CLASS = YES_ERROR;
				CLANG_WARN_RANGE_LOOP_ANALYSIS = YES;
				CLANG_WARN_STRICT_PROTOTYPES = YES;
				CLANG_WARN_SUSPICIOUS_MOVE = YES;
				CLANG_WARN_UNGUARDED_AVAILABILITY = YES_AGGRESSIVE;
				CLANG_WARN_UNREACHABLE_CODE = YES;
				CLANG_WARN__DUPLICATE_METHOD_MATCH = YES;
				CODE_SIGN_IDENTITY = "iPhone Developer";
				COPY_PHASE_STRIP = NO;
				DEBUG_INFORMATION_FORMAT = "dwarf-with-dsym";
				ENABLE_NS_ASSERTIONS = NO;
				ENABLE_STRICT_OBJC_MSGSEND = YES;
				GCC_C_LANGUAGE_STANDARD = gnu11;
				GCC_NO_COMMON_BLOCKS = YES;
				GCC_WARN_64_TO_32_BIT_CONVERSION = YES;
				GCC_WARN_ABOUT_RETURN_TYPE = YES_ERROR;
				GCC_WARN_UNDECLARED_SELECTOR = YES;
				GCC_WARN_UNINITIALIZED_AUTOS = YES_AGGRESSIVE;
				GCC_WARN_UNUSED_FUNCTION = YES;
				GCC_WARN_UNUSED_VARIABLE = YES;
				IPHONEOS_DEPLOYMENT_TARGET = 11.2;
				MTL_ENABLE_DEBUG_INFO = NO;
				SDKROOT = iphoneos;
				SWIFT_OPTIMIZATION_LEVEL = "-Owholemodule";
				VALIDATE_PRODUCT = YES;
			};
			name = Release;
		};
		E8D72E2F206BA7A100B04B4E /* Debug */ = {
			isa = XCBuildConfiguration;
			buildSettings = {
				ASSETCATALOG_COMPILER_APPICON_NAME = AppIcon;
				CODE_SIGN_STYLE = Automatic;
				DEVELOPMENT_TEAM = L5V54TG4YU;
				INFOPLIST_FILE = BasicValuesDemo/Info.plist;
				LD_RUNPATH_SEARCH_PATHS = "$(inherited) @executable_path/Frameworks";
				PRODUCT_BUNDLE_IDENTIFIER = DeveloperZhang.BasicValuesDemo;
				PRODUCT_NAME = "$(TARGET_NAME)";
				SWIFT_VERSION = 4.0;
				TARGETED_DEVICE_FAMILY = "1,2";
			};
			name = Debug;
		};
		E8D72E30206BA7A100B04B4E /* Release */ = {
			isa = XCBuildConfiguration;
			buildSettings = {
				ASSETCATALOG_COMPILER_APPICON_NAME = AppIcon;
				CODE_SIGN_STYLE = Automatic;
				DEVELOPMENT_TEAM = L5V54TG4YU;
				INFOPLIST_FILE = BasicValuesDemo/Info.plist;
				LD_RUNPATH_SEARCH_PATHS = "$(inherited) @executable_path/Frameworks";
				PRODUCT_BUNDLE_IDENTIFIER = DeveloperZhang.BasicValuesDemo;
				PRODUCT_NAME = "$(TARGET_NAME)";
				SWIFT_VERSION = 4.0;
				TARGETED_DEVICE_FAMILY = "1,2";
			};
			name = Release;
		};
/* End XCBuildConfiguration section */

/* Begin XCConfigurationList section */
		E8D72E17206BA7A100B04B4E /* Build configuration list for PBXProject "BasicValuesDemo" */ = {
			isa = XCConfigurationList;
			buildConfigurations = (
				E8D72E2C206BA7A100B04B4E /* Debug */,
				E8D72E2D206BA7A100B04B4E /* Release */,
			);
			defaultConfigurationIsVisible = 0;
			defaultConfigurationName = Release;
		};
		E8D72E2E206BA7A100B04B4E /* Build configuration list for PBXNativeTarget "BasicValuesDemo" */ = {
			isa = XCConfigurationList;
			buildConfigurations = (
				E8D72E2F206BA7A100B04B4E /* Debug */,
				E8D72E30206BA7A100B04B4E /* Release */,
			);
			defaultConfigurationIsVisible = 0;
			defaultConfigurationName = Release;
		};
/* End XCConfigurationList section */
	};
	rootObject = E8D72E14206BA7A100B04B4E /* Project object */;
}
