// !$*UTF8*$!
{
	archiveVersion = 1;
	classes = {
	};
	objectVersion = 48;
	objects = {

/* Begin PBXBuildFile section */
		047AC1C7206745140048D29A /* AppDelegate.swift in Sources */ = {isa = PBXBuildFile; fileRef = 047AC1C6206745140048D29A /* AppDelegate.swift */; };
		047AC1C9206745140048D29A /* MBFirstViewController.swift in Sources */ = {isa = PBXBuildFile; fileRef = 047AC1C8206745140048D29A /* MBFirstViewController.swift */; };
		047AC1CB206745140048D29A /* MBSecondViewController.swift in Sources */ = {isa = PBXBuildFile; fileRef = 047AC1CA206745140048D29A /* MBSecondViewController.swift */; };
		047AC1CE206745140048D29A /* Main.storyboard in Resources */ = {isa = PBXBuildFile; fileRef = 047AC1CC206745140048D29A /* Main.storyboard */; };
		047AC1D0206745140048D29A /* Assets.xcassets in Resources */ = {isa = PBXBuildFile; fileRef = 047AC1CF206745140048D29A /* Assets.xcassets */; };
		047AC1D3206745140048D29A /* LaunchScreen.storyboard in Resources */ = {isa = PBXBuildFile; fileRef = 047AC1D1206745140048D29A /* LaunchScreen.storyboard */; };
		047AC1DE206745150048D29A /* MicroBlogTests.swift in Sources */ = {isa = PBXBuildFile; fileRef = 047AC1DD206745150048D29A /* MicroBlogTests.swift */; };
/* End PBXBuildFile section */

/* Begin PBXContainerItemProxy section */
		047AC1DA206745140048D29A /* PBXContainerItemProxy */ = {
			isa = PBXContainerItemProxy;
			containerPortal = 047AC1BB206745140048D29A /* Project object */;
			proxyType = 1;
			remoteGlobalIDString = 047AC1C2206745140048D29A;
			remoteInfo = MicroBlog;
		};
/* End PBXContainerItemProxy section */

/* Begin PBXFileReference section */
		047AC1C3206745140048D29A /* MicroBlog.app */ = {isa = PBXFileReference; explicitFileType = wrapper.application; includeInIndex = 0; path = MicroBlog.app; sourceTree = BUILT_PRODUCTS_DIR; };
		047AC1C6206745140048D29A /* AppDelegate.swift */ = {isa = PBXFileReference; lastKnownFileType = sourcecode.swift; path = AppDelegate.swift; sourceTree = "<group>"; };
		047AC1C8206745140048D29A /* MBFirstViewController.swift */ = {isa = PBXFileReference; lastKnownFileType = sourcecode.swift; path = MBFirstViewController.swift; sourceTree = "<group>"; };
		047AC1CA206745140048D29A /* MBSecondViewController.swift */ = {isa = PBXFileReference; lastKnownFileType = sourcecode.swift; path = MBSecondViewController.swift; sourceTree = "<group>"; };
		047AC1CD206745140048D29A /* Base */ = {isa = PBXFileReference; lastKnownFileType = file.storyboard; name = Base; path = Base.lproj/Main.storyboard; sourceTree = "<group>"; };
		047AC1CF206745140048D29A /* Assets.xcassets */ = {isa = PBXFileReference; lastKnownFileType = folder.assetcatalog; path = Assets.xcassets; sourceTree = "<group>"; };
		047AC1D2206745140048D29A /* Base */ = {isa = PBXFileReference; lastKnownFileType = file.storyboard; name = Base; path = Base.lproj/LaunchScreen.storyboard; sourceTree = "<group>"; };
		047AC1D4206745140048D29A /* Info.plist */ = {isa = PBXFileReference; lastKnownFileType = text.plist.xml; path = Info.plist; sourceTree = "<group>"; };
		047AC1D9206745140048D29A /* MicroBlogTests.xctest */ = {isa = PBXFileReference; explicitFileType = wrapper.cfbundle; includeInIndex = 0; path = MicroBlogTests.xctest; sourceTree = BUILT_PRODUCTS_DIR; };
		047AC1DD206745150048D29A /* MicroBlogTests.swift */ = {isa = PBXFileReference; lastKnownFileType = sourcecode.swift; path = MicroBlogTests.swift; sourceTree = "<group>"; };
		047AC1DF206745150048D29A /* Info.plist */ = {isa = PBXFileReference; lastKnownFileType = text.plist.xml; path = Info.plist; sourceTree = "<group>"; };
/* End PBXFileReference section */

/* Begin PBXFrameworksBuildPhase section */
		047AC1C0206745140048D29A /* Frameworks */ = {
			isa = PBXFrameworksBuildPhase;
			buildActionMask = 2147483647;
			files = (
			);
			runOnlyForDeploymentPostprocessing = 0;
		};
		047AC1D6206745140048D29A /* Frameworks */ = {
			isa = PBXFrameworksBuildPhase;
			buildActionMask = 2147483647;
			files = (
			);
			runOnlyForDeploymentPostprocessing = 0;
		};
/* End PBXFrameworksBuildPhase section */

/* Begin PBXGroup section */
		047AC1BA206745140048D29A = {
			isa = PBXGroup;
			children = (
				047AC1C5206745140048D29A /* MicroBlog */,
				047AC1DC206745150048D29A /* MicroBlogTests */,
				047AC1C4206745140048D29A /* Products */,
			);
			sourceTree = "<group>";
		};
		047AC1C4206745140048D29A /* Products */ = {
			isa = PBXGroup;
			children = (
				047AC1C3206745140048D29A /* MicroBlog.app */,
				047AC1D9206745140048D29A /* MicroBlogTests.xctest */,
			);
			name = Products;
			sourceTree = "<group>";
		};
		047AC1C5206745140048D29A /* MicroBlog */ = {
			isa = PBXGroup;
			children = (
				047AC1C6206745140048D29A /* AppDelegate.swift */,
				047AC1C8206745140048D29A /* MBFirstViewController.swift */,
				047AC1CA206745140048D29A /* MBSecondViewController.swift */,
				047AC1CC206745140048D29A /* Main.storyboard */,
				047AC1CF206745140048D29A /* Assets.xcassets */,
				047AC1D1206745140048D29A /* LaunchScreen.storyboard */,
				047AC1D4206745140048D29A /* Info.plist */,
			);
			path = MicroBlog;
			sourceTree = "<group>";
		};
		047AC1DC206745150048D29A /* MicroBlogTests */ = {
			isa = PBXGroup;
			children = (
				047AC1DD206745150048D29A /* MicroBlogTests.swift */,
				047AC1DF206745150048D29A /* Info.plist */,
			);
			path = MicroBlogTests;
			sourceTree = "<group>";
		};
/* End PBXGroup section */

/* Begin PBXNativeTarget section */
		047AC1C2206745140048D29A /* MicroBlog */ = {
			isa = PBXNativeTarget;
			buildConfigurationList = 047AC1E2206745150048D29A /* Build configuration list for PBXNativeTarget "MicroBlog" */;
			buildPhases = (
				047AC1BF206745140048D29A /* Sources */,
				047AC1C0206745140048D29A /* Frameworks */,
				047AC1C1206745140048D29A /* Resources */,
			);
			buildRules = (
			);
			dependencies = (
			);
			name = MicroBlog;
			productName = MicroBlog;
			productReference = 047AC1C3206745140048D29A /* MicroBlog.app */;
			productType = "com.apple.product-type.application";
		};
		047AC1D8206745140048D29A /* MicroBlogTests */ = {
			isa = PBXNativeTarget;
			buildConfigurationList = 047AC1E5206745150048D29A /* Build configuration list for PBXNativeTarget "MicroBlogTests" */;
			buildPhases = (
				047AC1D5206745140048D29A /* Sources */,
				047AC1D6206745140048D29A /* Frameworks */,
				047AC1D7206745140048D29A /* Resources */,
			);
			buildRules = (
			);
			dependencies = (
				047AC1DB206745140048D29A /* PBXTargetDependency */,
			);
			name = MicroBlogTests;
			productName = MicroBlogTests;
			productReference = 047AC1D9206745140048D29A /* MicroBlogTests.xctest */;
			productType = "com.apple.product-type.bundle.unit-test";
		};
/* End PBXNativeTarget section */

/* Begin PBXProject section */
		047AC1BB206745140048D29A /* Project object */ = {
			isa = PBXProject;
			attributes = {
				LastSwiftUpdateCheck = 0900;
				LastUpgradeCheck = 0900;
				ORGANIZATIONNAME = DeveloperZhang;
				TargetAttributes = {
					047AC1C2206745140048D29A = {
						CreatedOnToolsVersion = 9.0;
						ProvisioningStyle = Automatic;
					};
					047AC1D8206745140048D29A = {
						CreatedOnToolsVersion = 9.0;
						ProvisioningStyle = Automatic;
						TestTargetID = 047AC1C2206745140048D29A;
					};
				};
			};
			buildConfigurationList = 047AC1BE206745140048D29A /* Build configuration list for PBXProject "MicroBlog" */;
			compatibilityVersion = "Xcode 8.0";
			developmentRegion = en;
			hasScannedForEncodings = 0;
			knownRegions = (
				en,
				Base,
			);
			mainGroup = 047AC1BA206745140048D29A;
			productRefGroup = 047AC1C4206745140048D29A /* Products */;
			projectDirPath = "";
			projectRoot = "";
			targets = (
				047AC1C2206745140048D29A /* MicroBlog */,
				047AC1D8206745140048D29A /* MicroBlogTests */,
			);
		};
/* End PBXProject section */

/* Begin PBXResourcesBuildPhase section */
		047AC1C1206745140048D29A /* Resources */ = {
			isa = PBXResourcesBuildPhase;
			buildActionMask = 2147483647;
			files = (
				047AC1D3206745140048D29A /* LaunchScreen.storyboard in Resources */,
				047AC1D0206745140048D29A /* Assets.xcassets in Resources */,
				047AC1CE206745140048D29A /* Main.storyboard in Resources */,
			);
			runOnlyForDeploymentPostprocessing = 0;
		};
		047AC1D7206745140048D29A /* Resources */ = {
			isa = PBXResourcesBuildPhase;
			buildActionMask = 2147483647;
			files = (
			);
			runOnlyForDeploymentPostprocessing = 0;
		};
/* End PBXResourcesBuildPhase section */

/* Begin PBXSourcesBuildPhase section */
		047AC1BF206745140048D29A /* Sources */ = {
			isa = PBXSourcesBuildPhase;
			buildActionMask = 2147483647;
			files = (
				047AC1CB206745140048D29A /* MBSecondViewController.swift in Sources */,
				047AC1C7206745140048D29A /* AppDelegate.swift in Sources */,
				047AC1C9206745140048D29A /* MBFirstViewController.swift in Sources */,
			);
			runOnlyForDeploymentPostprocessing = 0;
		};
		047AC1D5206745140048D29A /* Sources */ = {
			isa = PBXSourcesBuildPhase;
			buildActionMask = 2147483647;
			files = (
				047AC1DE206745150048D29A /* MicroBlogTests.swift in Sources */,
			);
			runOnlyForDeploymentPostprocessing = 0;
		};
/* End PBXSourcesBuildPhase section */

/* Begin PBXTargetDependency section */
		047AC1DB206745140048D29A /* PBXTargetDependency */ = {
			isa = PBXTargetDependency;
			target = 047AC1C2206745140048D29A /* MicroBlog */;
			targetProxy = 047AC1DA206745140048D29A /* PBXContainerItemProxy */;
		};
/* End PBXTargetDependency section */

/* Begin PBXVariantGroup section */
		047AC1CC206745140048D29A /* Main.storyboard */ = {
			isa = PBXVariantGroup;
			children = (
				047AC1CD206745140048D29A /* Base */,
			);
			name = Main.storyboard;
			sourceTree = "<group>";
		};
		047AC1D1206745140048D29A /* LaunchScreen.storyboard */ = {
			isa = PBXVariantGroup;
			children = (
				047AC1D2206745140048D29A /* Base */,
			);
			name = LaunchScreen.storyboard;
			sourceTree = "<group>";
		};
/* End PBXVariantGroup section */

/* Begin XCBuildConfiguration section */
		047AC1E0206745150048D29A /* Debug */ = {
			isa = XCBuildConfiguration;
			buildSettings = {
				ALWAYS_SEARCH_USER_PATHS = NO;
				CLANG_ANALYZER_NONNULL = YES;
				CLANG_ANALYZER_NUMBER_OBJECT_CONVERSION = YES_AGGRESSIVE;
				CLANG_CXX_LANGUAGE_STANDARD = "gnu++14";
				CLANG_CXX_LIBRARY = "libc++";
				CLANG_ENABLE_MODULES = YES;
				CLANG_ENABLE_OBJC_ARC = YES;
				CLANG_WARN_BLOCK_CAPTURE_AUTORELEASING = YES;
				CLANG_WARN_BOOL_CONVERSION = YES;
				CLANG_WARN_COMMA = YES;
				CLANG_WARN_CONSTANT_CONVERSION = YES;
				CLANG_WARN_DIRECT_OBJC_ISA_USAGE = YES_ERROR;
				CLANG_WARN_DOCUMENTATION_COMMENTS = YES;
				CLANG_WARN_EMPTY_BODY = YES;
				CLANG_WARN_ENUM_CONVERSION = YES;
				CLANG_WARN_INFINITE_RECURSION = YES;
				CLANG_WARN_INT_CONVERSION = YES;
				CLANG_WARN_NON_LITERAL_NULL_CONVERSION = YES;
				CLANG_WARN_OBJC_LITERAL_CONVERSION = YES;
				CLANG_WARN_OBJC_ROOT_CLASS = YES_ERROR;
				CLANG_WARN_RANGE_LOOP_ANALYSIS = YES;
				CLANG_WARN_STRICT_PROTOTYPES = YES;
				CLANG_WARN_SUSPICIOUS_MOVE = YES;
				CLANG_WARN_UNGUARDED_AVAILABILITY = YES_AGGRESSIVE;
				CLANG_WARN_UNREACHABLE_CODE = YES;
				CLANG_WARN__DUPLICATE_METHOD_MATCH = YES;
				CODE_SIGN_IDENTITY = "iPhone Developer";
				COPY_PHASE_STRIP = NO;
				DEBUG_INFORMATION_FORMAT = dwarf;
				ENABLE_STRICT_OBJC_MSGSEND = YES;
				ENABLE_TESTABILITY = YES;
				GCC_C_LANGUAGE_STANDARD = gnu11;
				GCC_DYNAMIC_NO_PIC = NO;
				GCC_NO_COMMON_BLOCKS = YES;
				GCC_OPTIMIZATION_LEVEL = 0;
				GCC_PREPROCESSOR_DEFINITIONS = (
					"DEBUG=1",
					"$(inherited)",
				);
				GCC_WARN_64_TO_32_BIT_CONVERSION = YES;
				GCC_WARN_ABOUT_RETURN_TYPE = YES_ERROR;
				GCC_WARN_UNDECLARED_SELECTOR = YES;
				GCC_WARN_UNINITIALIZED_AUTOS = YES_AGGRESSIVE;
				GCC_WARN_UNUSED_FUNCTION = YES;
				GCC_WARN_UNUSED_VARIABLE = YES;
				IPHONEOS_DEPLOYMENT_TARGET = 11.0;
				MTL_ENABLE_DEBUG_INFO = YES;
				ONLY_ACTIVE_ARCH = YES;
				SDKROOT = iphoneos;
				SWIFT_ACTIVE_COMPILATION_CONDITIONS = DEBUG;
				SWIFT_OPTIMIZATION_LEVEL = "-Onone";
			};
			name = Debug;
		};
		047AC1E1206745150048D29A /* Release */ = {
			isa = XCBuildConfiguration;
			buildSettings = {
				ALWAYS_SEARCH_USER_PATHS = NO;
				CLANG_ANALYZER_NONNULL = YES;
				CLANG_ANALYZER_NUMBER_OBJECT_CONVERSION = YES_AGGRESSIVE;
				CLANG_CXX_LANGUAGE_STANDARD = "gnu++14";
				CLANG_CXX_LIBRARY = "libc++";
				CLANG_ENABLE_MODULES = YES;
				CLANG_ENABLE_OBJC_ARC = YES;
				CLANG_WARN_BLOCK_CAPTURE_AUTORELEASING = YES;
				CLANG_WARN_BOOL_CONVERSION = YES;
				CLANG_WARN_COMMA = YES;
				CLANG_WARN_CONSTANT_CONVERSION = YES;
				CLANG_WARN_DIRECT_OBJC_ISA_USAGE = YES_ERROR;
				CLANG_WARN_DOCUMENTATION_COMMENTS = YES;
				CLANG_WARN_EMPTY_BODY = YES;
				CLANG_WARN_ENUM_CONVERSION = YES;
				CLANG_WARN_INFINITE_RECURSION = YES;
				CLANG_WARN_INT_CONVERSION = YES;
				CLANG_WARN_NON_LITERAL_NULL_CONVERSION = YES;
				CLANG_WARN_OBJC_LITERAL_CONVERSION = YES;
				CLANG_WARN_OBJC_ROOT_CLASS = YES_ERROR;
				CLANG_WARN_RANGE_LOOP_ANALYSIS = YES;
				CLANG_WARN_STRICT_PROTOTYPES = YES;
				CLANG_WARN_SUSPICIOUS_MOVE = YES;
				CLANG_WARN_UNGUARDED_AVAILABILITY = YES_AGGRESSIVE;
				CLANG_WARN_UNREACHABLE_CODE = YES;
				CLANG_WARN__DUPLICATE_METHOD_MATCH = YES;
				CODE_SIGN_IDENTITY = "iPhone Developer";
				COPY_PHASE_STRIP = NO;
				DEBUG_INFORMATION_FORMAT = "dwarf-with-dsym";
				ENABLE_NS_ASSERTIONS = NO;
				ENABLE_STRICT_OBJC_MSGSEND = YES;
				GCC_C_LANGUAGE_STANDARD = gnu11;
				GCC_NO_COMMON_BLOCKS = YES;
				GCC_WARN_64_TO_32_BIT_CONVERSION = YES;
				GCC_WARN_ABOUT_RETURN_TYPE = YES_ERROR;
				GCC_WARN_UNDECLARED_SELECTOR = YES;
				GCC_WARN_UNINITIALIZED_AUTOS = YES_AGGRESSIVE;
				GCC_WARN_UNUSED_FUNCTION = YES;
				GCC_WARN_UNUSED_VARIABLE = YES;
				IPHONEOS_DEPLOYMENT_TARGET = 11.0;
				MTL_ENABLE_DEBUG_INFO = NO;
				SDKROOT = iphoneos;
				SWIFT_OPTIMIZATION_LEVEL = "-Owholemodule";
				VALIDATE_PRODUCT = YES;
			};
			name = Release;
		};
		047AC1E3206745150048D29A /* Debug */ = {
			isa = XCBuildConfiguration;
			buildSettings = {
				ASSETCATALOG_COMPILER_APPICON_NAME = AppIcon;
				CODE_SIGN_STYLE = Automatic;
				INFOPLIST_FILE = MicroBlog/Info.plist;
				IPHONEOS_DEPLOYMENT_TARGET = 10.0;
				LD_RUNPATH_SEARCH_PATHS = "$(inherited) @executable_path/Frameworks";
				PRODUCT_BUNDLE_IDENTIFIER = Vicentz.MicroBlog;
				PRODUCT_NAME = "$(TARGET_NAME)";
				SWIFT_VERSION = 4.0;
				TARGETED_DEVICE_FAMILY = "1,2";
			};
			name = Debug;
		};
		047AC1E4206745150048D29A /* Release */ = {
			isa = XCBuildConfiguration;
			buildSettings = {
				ASSETCATALOG_COMPILER_APPICON_NAME = AppIcon;
				CODE_SIGN_STYLE = Automatic;
				INFOPLIST_FILE = MicroBlog/Info.plist;
				IPHONEOS_DEPLOYMENT_TARGET = 10.0;
				LD_RUNPATH_SEARCH_PATHS = "$(inherited) @executable_path/Frameworks";
				PRODUCT_BUNDLE_IDENTIFIER = Vicentz.MicroBlog;
				PRODUCT_NAME = "$(TARGET_NAME)";
				SWIFT_VERSION = 4.0;
				TARGETED_DEVICE_FAMILY = "1,2";
			};
			name = Release;
		};
		047AC1E6206745150048D29A /* Debug */ = {
			isa = XCBuildConfiguration;
			buildSettings = {
				ALWAYS_EMBED_SWIFT_STANDARD_LIBRARIES = YES;
				BUNDLE_LOADER = "$(TEST_HOST)";
				CODE_SIGN_STYLE = Automatic;
				INFOPLIST_FILE = MicroBlogTests/Info.plist;
				LD_RUNPATH_SEARCH_PATHS = "$(inherited) @executable_path/Frameworks @loader_path/Frameworks";
				PRODUCT_BUNDLE_IDENTIFIER = Vicentz.MicroBlogTests;
				PRODUCT_NAME = "$(TARGET_NAME)";
				SWIFT_VERSION = 4.0;
				TARGETED_DEVICE_FAMILY = "1,2";
				TEST_HOST = "$(BUILT_PRODUCTS_DIR)/MicroBlog.app/MicroBlog";
			};
			name = Debug;
		};
		047AC1E7206745150048D29A /* Release */ = {
			isa = XCBuildConfiguration;
			buildSettings = {
				ALWAYS_EMBED_SWIFT_STANDARD_LIBRARIES = YES;
				BUNDLE_LOADER = "$(TEST_HOST)";
				CODE_SIGN_STYLE = Automatic;
				INFOPLIST_FILE = MicroBlogTests/Info.plist;
				LD_RUNPATH_SEARCH_PATHS = "$(inherited) @executable_path/Frameworks @loader_path/Frameworks";
				PRODUCT_BUNDLE_IDENTIFIER = Vicentz.MicroBlogTests;
				PRODUCT_NAME = "$(TARGET_NAME)";
				SWIFT_VERSION = 4.0;
				TARGETED_DEVICE_FAMILY = "1,2";
				TEST_HOST = "$(BUILT_PRODUCTS_DIR)/MicroBlog.app/MicroBlog";
			};
			name = Release;
		};
/* End XCBuildConfiguration section */

/* Begin XCConfigurationList section */
		047AC1BE206745140048D29A /* Build configuration list for PBXProject "MicroBlog" */ = {
			isa = XCConfigurationList;
			buildConfigurations = (
				047AC1E0206745150048D29A /* Debug */,
				047AC1E1206745150048D29A /* Release */,
			);
			defaultConfigurationIsVisible = 0;
			defaultConfigurationName = Release;
		};
		047AC1E2206745150048D29A /* Build configuration list for PBXNativeTarget "MicroBlog" */ = {
			isa = XCConfigurationList;
			buildConfigurations = (
				047AC1E3206745150048D29A /* Debug */,
				047AC1E4206745150048D29A /* Release */,
			);
			defaultConfigurationIsVisible = 0;
			defaultConfigurationName = Release;
		};
		047AC1E5206745150048D29A /* Build configuration list for PBXNativeTarget "MicroBlogTests" */ = {
			isa = XCConfigurationList;
			buildConfigurations = (
				047AC1E6206745150048D29A /* Debug */,
				047AC1E7206745150048D29A /* Release */,
			);
			defaultConfigurationIsVisible = 0;
			defaultConfigurationName = Release;
		};
/* End XCConfigurationList section */
	};
	rootObject = 047AC1BB206745140048D29A /* Project object */;
}
